// !$*UTF8*$!
{
	archiveVersion = 1;
	classes = {
	};
	objectVersion = 48;
	objects = {

/* Begin PBXBuildFile section */
		E3167C121F83F31F00C9E19F /* AuthorViewController.swift in Sources */ = {isa = PBXBuildFile; fileRef = E3167C111F83F31F00C9E19F /* AuthorViewController.swift */; };
		E38247201F82A6FB00D837B8 /* AppDelegate.swift in Sources */ = {isa = PBXBuildFile; fileRef = E382471F1F82A6FB00D837B8 /* AppDelegate.swift */; };
		E38247221F82A6FB00D837B8 /* ViewController.swift in Sources */ = {isa = PBXBuildFile; fileRef = E38247211F82A6FB00D837B8 /* ViewController.swift */; };
		E38247251F82A6FB00D837B8 /* Main.storyboard in Resources */ = {isa = PBXBuildFile; fileRef = E38247231F82A6FB00D837B8 /* Main.storyboard */; };
		E38247271F82A6FB00D837B8 /* Assets.xcassets in Resources */ = {isa = PBXBuildFile; fileRef = E38247261F82A6FB00D837B8 /* Assets.xcassets */; };
		E382472A1F82A6FB00D837B8 /* LaunchScreen.storyboard in Resources */ = {isa = PBXBuildFile; fileRef = E38247281F82A6FB00D837B8 /* LaunchScreen.storyboard */; };
		E38247351F82A6FB00D837B8 /* BullseyeTests.swift in Sources */ = {isa = PBXBuildFile; fileRef = E38247341F82A6FB00D837B8 /* BullseyeTests.swift */; };
		E38247401F82A6FB00D837B8 /* BullseyeUITests.swift in Sources */ = {isa = PBXBuildFile; fileRef = E382473F1F82A6FB00D837B8 /* BullseyeUITests.swift */; };
		E382474E1F83DBDC00D837B8 /* AboutViewController.swift in Sources */ = {isa = PBXBuildFile; fileRef = E382474D1F83DBDC00D837B8 /* AboutViewController.swift */; };
/* End PBXBuildFile section */

/* Begin PBXContainerItemProxy section */
		E38247311F82A6FB00D837B8 /* PBXContainerItemProxy */ = {
			isa = PBXContainerItemProxy;
			containerPortal = E38247141F82A6FB00D837B8 /* Project object */;
			proxyType = 1;
			remoteGlobalIDString = E382471B1F82A6FB00D837B8;
			remoteInfo = Bullseye;
		};
		E382473C1F82A6FB00D837B8 /* PBXContainerItemProxy */ = {
			isa = PBXContainerItemProxy;
			containerPortal = E38247141F82A6FB00D837B8 /* Project object */;
			proxyType = 1;
			remoteGlobalIDString = E382471B1F82A6FB00D837B8;
			remoteInfo = Bullseye;
		};
/* End PBXContainerItemProxy section */

/* Begin PBXFileReference section */
		E3167C111F83F31F00C9E19F /* AuthorViewController.swift */ = {isa = PBXFileReference; lastKnownFileType = sourcecode.swift; path = AuthorViewController.swift; sourceTree = "<group>"; };
		E382471C1F82A6FB00D837B8 /* Bullseye.app */ = {isa = PBXFileReference; explicitFileType = wrapper.application; includeInIndex = 0; path = Bullseye.app; sourceTree = BUILT_PRODUCTS_DIR; };
		E382471F1F82A6FB00D837B8 /* AppDelegate.swift */ = {isa = PBXFileReference; lastKnownFileType = sourcecode.swift; path = AppDelegate.swift; sourceTree = "<group>"; };
		E38247211F82A6FB00D837B8 /* ViewController.swift */ = {isa = PBXFileReference; lastKnownFileType = sourcecode.swift; path = ViewController.swift; sourceTree = "<group>"; };
		E38247241F82A6FB00D837B8 /* Base */ = {isa = PBXFileReference; lastKnownFileType = file.storyboard; name = Base; path = Base.lproj/Main.storyboard; sourceTree = "<group>"; };
		E38247261F82A6FB00D837B8 /* Assets.xcassets */ = {isa = PBXFileReference; lastKnownFileType = folder.assetcatalog; path = Assets.xcassets; sourceTree = "<group>"; };
		E38247291F82A6FB00D837B8 /* Base */ = {isa = PBXFileReference; lastKnownFileType = file.storyboard; name = Base; path = Base.lproj/LaunchScreen.storyboard; sourceTree = "<group>"; };
		E382472B1F82A6FB00D837B8 /* Info.plist */ = {isa = PBXFileReference; lastKnownFileType = text.plist.xml; path = Info.plist; sourceTree = "<group>"; };
		E38247301F82A6FB00D837B8 /* BullseyeTests.xctest */ = {isa = PBXFileReference; explicitFileType = wrapper.cfbundle; includeInIndex = 0; path = BullseyeTests.xctest; sourceTree = BUILT_PRODUCTS_DIR; };
		E38247341F82A6FB00D837B8 /* BullseyeTests.swift */ = {isa = PBXFileReference; lastKnownFileType = sourcecode.swift; path = BullseyeTests.swift; sourceTree = "<group>"; };
		E38247361F82A6FB00D837B8 /* Info.plist */ = {isa = PBXFileReference; lastKnownFileType = text.plist.xml; path = Info.plist; sourceTree = "<group>"; };
		E382473B1F82A6FB00D837B8 /* BullseyeUITests.xctest */ = {isa = PBXFileReference; explicitFileType = wrapper.cfbundle; includeInIndex = 0; path = BullseyeUITests.xctest; sourceTree = BUILT_PRODUCTS_DIR; };
		E382473F1F82A6FB00D837B8 /* BullseyeUITests.swift */ = {isa = PBXFileReference; lastKnownFileType = sourcecode.swift; path = BullseyeUITests.swift; sourceTree = "<group>"; };
		E38247411F82A6FB00D837B8 /* Info.plist */ = {isa = PBXFileReference; lastKnownFileType = text.plist.xml; path = Info.plist; sourceTree = "<group>"; };
		E382474D1F83DBDC00D837B8 /* AboutViewController.swift */ = {isa = PBXFileReference; lastKnownFileType = sourcecode.swift; path = AboutViewController.swift; sourceTree = "<group>"; };
/* End PBXFileReference section */

/* Begin PBXFrameworksBuildPhase section */
		E38247191F82A6FB00D837B8 /* Frameworks */ = {
			isa = PBXFrameworksBuildPhase;
			buildActionMask = 2147483647;
			files = (
			);
			runOnlyForDeploymentPostprocessing = 0;
		};
		E382472D1F82A6FB00D837B8 /* Frameworks */ = {
			isa = PBXFrameworksBuildPhase;
			buildActionMask = 2147483647;
			files = (
			);
			runOnlyForDeploymentPostprocessing = 0;
		};
		E38247381F82A6FB00D837B8 /* Frameworks */ = {
			isa = PBXFrameworksBuildPhase;
			buildActionMask = 2147483647;
			files = (
			);
			runOnlyForDeploymentPostprocessing = 0;
		};
/* End PBXFrameworksBuildPhase section */

/* Begin PBXGroup section */
		E38247131F82A6FB00D837B8 = {
			isa = PBXGroup;
			children = (
				E382471E1F82A6FB00D837B8 /* Bullseye */,
				E38247331F82A6FB00D837B8 /* BullseyeTests */,
				E382473E1F82A6FB00D837B8 /* BullseyeUITests */,
				E382471D1F82A6FB00D837B8 /* Products */,
			);
			sourceTree = "<group>";
		};
		E382471D1F82A6FB00D837B8 /* Products */ = {
			isa = PBXGroup;
			children = (
				E382471C1F82A6FB00D837B8 /* Bullseye.app */,
				E38247301F82A6FB00D837B8 /* BullseyeTests.xctest */,
				E382473B1F82A6FB00D837B8 /* BullseyeUITests.xctest */,
			);
			name = Products;
			sourceTree = "<group>";
		};
		E382471E1F82A6FB00D837B8 /* Bullseye */ = {
			isa = PBXGroup;
			children = (
				E382471F1F82A6FB00D837B8 /* AppDelegate.swift */,
				E38247211F82A6FB00D837B8 /* ViewController.swift */,
				E38247231F82A6FB00D837B8 /* Main.storyboard */,
				E3167C111F83F31F00C9E19F /* AuthorViewController.swift */,
				E382474D1F83DBDC00D837B8 /* AboutViewController.swift */,
				E38247261F82A6FB00D837B8 /* Assets.xcassets */,
				E38247281F82A6FB00D837B8 /* LaunchScreen.storyboard */,
				E382472B1F82A6FB00D837B8 /* Info.plist */,
			);
			path = Bullseye;
			sourceTree = "<group>";
		};
		E38247331F82A6FB00D837B8 /* BullseyeTests */ = {
			isa = PBXGroup;
			children = (
				E38247341F82A6FB00D837B8 /* BullseyeTests.swift */,
				E38247361F82A6FB00D837B8 /* Info.plist */,
			);
			path = BullseyeTests;
			sourceTree = "<group>";
		};
		E382473E1F82A6FB00D837B8 /* BullseyeUITests */ = {
			isa = PBXGroup;
			children = (
				E382473F1F82A6FB00D837B8 /* BullseyeUITests.swift */,
				E38247411F82A6FB00D837B8 /* Info.plist */,
			);
			path = BullseyeUITests;
			sourceTree = "<group>";
		};
/* End PBXGroup section */

/* Begin PBXNativeTarget section */
		E382471B1F82A6FB00D837B8 /* Bullseye */ = {
			isa = PBXNativeTarget;
			buildConfigurationList = E38247441F82A6FB00D837B8 /* Build configuration list for PBXNativeTarget "Bullseye" */;
			buildPhases = (
				E38247181F82A6FB00D837B8 /* Sources */,
				E38247191F82A6FB00D837B8 /* Frameworks */,
				E382471A1F82A6FB00D837B8 /* Resources */,
			);
			buildRules = (
			);
			dependencies = (
			);
			name = Bullseye;
			productName = Bullseye;
			productReference = E382471C1F82A6FB00D837B8 /* Bullseye.app */;
			productType = "com.apple.product-type.application";
		};
		E382472F1F82A6FB00D837B8 /* BullseyeTests */ = {
			isa = PBXNativeTarget;
			buildConfigurationList = E38247471F82A6FB00D837B8 /* Build configuration list for PBXNativeTarget "BullseyeTests" */;
			buildPhases = (
				E382472C1F82A6FB00D837B8 /* Sources */,
				E382472D1F82A6FB00D837B8 /* Frameworks */,
				E382472E1F82A6FB00D837B8 /* Resources */,
			);
			buildRules = (
			);
			dependencies = (
				E38247321F82A6FB00D837B8 /* PBXTargetDependency */,
			);
			name = BullseyeTests;
			productName = BullseyeTests;
			productReference = E38247301F82A6FB00D837B8 /* BullseyeTests.xctest */;
			productType = "com.apple.product-type.bundle.unit-test";
		};
		E382473A1F82A6FB00D837B8 /* BullseyeUITests */ = {
			isa = PBXNativeTarget;
			buildConfigurationList = E382474A1F82A6FB00D837B8 /* Build configuration list for PBXNativeTarget "BullseyeUITests" */;
			buildPhases = (
				E38247371F82A6FB00D837B8 /* Sources */,
				E38247381F82A6FB00D837B8 /* Frameworks */,
				E38247391F82A6FB00D837B8 /* Resources */,
			);
			buildRules = (
			);
			dependencies = (
				E382473D1F82A6FB00D837B8 /* PBXTargetDependency */,
			);
			name = BullseyeUITests;
			productName = BullseyeUITests;
			productReference = E382473B1F82A6FB00D837B8 /* BullseyeUITests.xctest */;
			productType = "com.apple.product-type.bundle.ui-testing";
		};
/* End PBXNativeTarget section */

/* Begin PBXProject section */
		E38247141F82A6FB00D837B8 /* Project object */ = {
			isa = PBXProject;
			attributes = {
				LastSwiftUpdateCheck = 0900;
				LastUpgradeCheck = 0900;
				ORGANIZATIONNAME = "Derek Kelmanson";
				TargetAttributes = {
					E382471B1F82A6FB00D837B8 = {
						CreatedOnToolsVersion = 9.0;
						ProvisioningStyle = Automatic;
					};
					E382472F1F82A6FB00D837B8 = {
						CreatedOnToolsVersion = 9.0;
						ProvisioningStyle = Automatic;
						TestTargetID = E382471B1F82A6FB00D837B8;
					};
					E382473A1F82A6FB00D837B8 = {
						CreatedOnToolsVersion = 9.0;
						ProvisioningStyle = Automatic;
						TestTargetID = E382471B1F82A6FB00D837B8;
					};
				};
			};
			buildConfigurationList = E38247171F82A6FB00D837B8 /* Build configuration list for PBXProject "Bullseye" */;
			compatibilityVersion = "Xcode 8.0";
			developmentRegion = en;
			hasScannedForEncodings = 0;
			knownRegions = (
				en,
				Base,
			);
			mainGroup = E38247131F82A6FB00D837B8;
			productRefGroup = E382471D1F82A6FB00D837B8 /* Products */;
			projectDirPath = "";
			projectRoot = "";
			targets = (
				E382471B1F82A6FB00D837B8 /* Bullseye */,
				E382472F1F82A6FB00D837B8 /* BullseyeTests */,
				E382473A1F82A6FB00D837B8 /* BullseyeUITests */,
			);
		};
/* End PBXProject section */

/* Begin PBXResourcesBuildPhase section */
		E382471A1F82A6FB00D837B8 /* Resources */ = {
			isa = PBXResourcesBuildPhase;
			buildActionMask = 2147483647;
			files = (
				E382472A1F82A6FB00D837B8 /* LaunchScreen.storyboard in Resources */,
				E38247271F82A6FB00D837B8 /* Assets.xcassets in Resources */,
				E38247251F82A6FB00D837B8 /* Main.storyboard in Resources */,
			);
			runOnlyForDeploymentPostprocessing = 0;
		};
		E382472E1F82A6FB00D837B8 /* Resources */ = {
			isa = PBXResourcesBuildPhase;
			buildActionMask = 2147483647;
			files = (
			);
			runOnlyForDeploymentPostprocessing = 0;
		};
		E38247391F82A6FB00D837B8 /* Resources */ = {
			isa = PBXResourcesBuildPhase;
			buildActionMask = 2147483647;
			files = (
			);
			runOnlyForDeploymentPostprocessing = 0;
		};
/* End PBXResourcesBuildPhase section */

/* Begin PBXSourcesBuildPhase section */
		E38247181F82A6FB00D837B8 /* Sources */ = {
			isa = PBXSourcesBuildPhase;
			buildActionMask = 2147483647;
			files = (
				E382474E1F83DBDC00D837B8 /* AboutViewController.swift in Sources */,
				E38247221F82A6FB00D837B8 /* ViewController.swift in Sources */,
				E38247201F82A6FB00D837B8 /* AppDelegate.swift in Sources */,
				E3167C121F83F31F00C9E19F /* AuthorViewController.swift in Sources */,
			);
			runOnlyForDeploymentPostprocessing = 0;
		};
		E382472C1F82A6FB00D837B8 /* Sources */ = {
			isa = PBXSourcesBuildPhase;
			buildActionMask = 2147483647;
			files = (
				E38247351F82A6FB00D837B8 /* BullseyeTests.swift in Sources */,
			);
			runOnlyForDeploymentPostprocessing = 0;
		};
		E38247371F82A6FB00D837B8 /* Sources */ = {
			isa = PBXSourcesBuildPhase;
			buildActionMask = 2147483647;
			files = (
				E38247401F82A6FB00D837B8 /* BullseyeUITests.swift in Sources */,
			);
			runOnlyForDeploymentPostprocessing = 0;
		};
/* End PBXSourcesBuildPhase section */

/* Begin PBXTargetDependency section */
		E38247321F82A6FB00D837B8 /* PBXTargetDependency */ = {
			isa = PBXTargetDependency;
			target = E382471B1F82A6FB00D837B8 /* Bullseye */;
			targetProxy = E38247311F82A6FB00D837B8 /* PBXContainerItemProxy */;
		};
		E382473D1F82A6FB00D837B8 /* PBXTargetDependency */ = {
			isa = PBXTargetDependency;
			target = E382471B1F82A6FB00D837B8 /* Bullseye */;
			targetProxy = E382473C1F82A6FB00D837B8 /* PBXContainerItemProxy */;
		};
/* End PBXTargetDependency section */

/* Begin PBXVariantGroup section */
		E38247231F82A6FB00D837B8 /* Main.storyboard */ = {
			isa = PBXVariantGroup;
			children = (
				E38247241F82A6FB00D837B8 /* Base */,
			);
			name = Main.storyboard;
			sourceTree = "<group>";
		};
		E38247281F82A6FB00D837B8 /* LaunchScreen.storyboard */ = {
			isa = PBXVariantGroup;
			children = (
				E38247291F82A6FB00D837B8 /* Base */,
			);
			name = LaunchScreen.storyboard;
			sourceTree = "<group>";
		};
/* End PBXVariantGroup section */

/* Begin XCBuildConfiguration section */
		E38247421F82A6FB00D837B8 /* Debug */ = {
			isa = XCBuildConfiguration;
			buildSettings = {
				ALWAYS_SEARCH_USER_PATHS = NO;
				CLANG_ANALYZER_NONNULL = YES;
				CLANG_ANALYZER_NUMBER_OBJECT_CONVERSION = YES_AGGRESSIVE;
				CLANG_CXX_LANGUAGE_STANDARD = "gnu++14";
				CLANG_CXX_LIBRARY = "libc++";
				CLANG_ENABLE_MODULES = YES;
				CLANG_ENABLE_OBJC_ARC = YES;
				CLANG_WARN_BLOCK_CAPTURE_AUTORELEASING = YES;
				CLANG_WARN_BOOL_CONVERSION = YES;
				CLANG_WARN_COMMA = YES;
				CLANG_WARN_CONSTANT_CONVERSION = YES;
				CLANG_WARN_DIRECT_OBJC_ISA_USAGE = YES_ERROR;
				CLANG_WARN_DOCUMENTATION_COMMENTS = YES;
				CLANG_WARN_EMPTY_BODY = YES;
				CLANG_WARN_ENUM_CONVERSION = YES;
				CLANG_WARN_INFINITE_RECURSION = YES;
				CLANG_WARN_INT_CONVERSION = YES;
				CLANG_WARN_NON_LITERAL_NULL_CONVERSION = YES;
				CLANG_WARN_OBJC_LITERAL_CONVERSION = YES;
				CLANG_WARN_OBJC_ROOT_CLASS = YES_ERROR;
				CLANG_WARN_RANGE_LOOP_ANALYSIS = YES;
				CLANG_WARN_STRICT_PROTOTYPES = YES;
				CLANG_WARN_SUSPICIOUS_MOVE = YES;
				CLANG_WARN_UNGUARDED_AVAILABILITY = YES_AGGRESSIVE;
				CLANG_WARN_UNREACHABLE_CODE = YES;
				CLANG_WARN__DUPLICATE_METHOD_MATCH = YES;
				CODE_SIGN_IDENTITY = "iPhone Developer";
				COPY_PHASE_STRIP = NO;
				DEBUG_INFORMATION_FORMAT = dwarf;
				ENABLE_STRICT_OBJC_MSGSEND = YES;
				ENABLE_TESTABILITY = YES;
				GCC_C_LANGUAGE_STANDARD = gnu11;
				GCC_DYNAMIC_NO_PIC = NO;
				GCC_NO_COMMON_BLOCKS = YES;
				GCC_OPTIMIZATION_LEVEL = 0;
				GCC_PREPROCESSOR_DEFINITIONS = (
					"DEBUG=1",
					"$(inherited)",
				);
				GCC_WARN_64_TO_32_BIT_CONVERSION = YES;
				GCC_WARN_ABOUT_RETURN_TYPE = YES_ERROR;
				GCC_WARN_UNDECLARED_SELECTOR = YES;
				GCC_WARN_UNINITIALIZED_AUTOS = YES_AGGRESSIVE;
				GCC_WARN_UNUSED_FUNCTION = YES;
				GCC_WARN_UNUSED_VARIABLE = YES;
				IPHONEOS_DEPLOYMENT_TARGET = 11.0;
				MTL_ENABLE_DEBUG_INFO = YES;
				ONLY_ACTIVE_ARCH = YES;
				SDKROOT = iphoneos;
				SWIFT_ACTIVE_COMPILATION_CONDITIONS = DEBUG;
				SWIFT_OPTIMIZATION_LEVEL = "-Onone";
			};
			name = Debug;
		};
		E38247431F82A6FB00D837B8 /* Release */ = {
			isa = XCBuildConfiguration;
			buildSettings = {
				ALWAYS_SEARCH_USER_PATHS = NO;
				CLANG_ANALYZER_NONNULL = YES;
				CLANG_ANALYZER_NUMBER_OBJECT_CONVERSION = YES_AGGRESSIVE;
				CLANG_CXX_LANGUAGE_STANDARD = "gnu++14";
				CLANG_CXX_LIBRARY = "libc++";
				CLANG_ENABLE_MODULES = YES;
				CLANG_ENABLE_OBJC_ARC = YES;
				CLANG_WARN_BLOCK_CAPTURE_AUTORELEASING = YES;
				CLANG_WARN_BOOL_CONVERSION = YES;
				CLANG_WARN_COMMA = YES;
				CLANG_WARN_CONSTANT_CONVERSION = YES;
				CLANG_WARN_DIRECT_OBJC_ISA_USAGE = YES_ERROR;
				CLANG_WARN_DOCUMENTATION_COMMENTS = YES;
				CLANG_WARN_EMPTY_BODY = YES;
				CLANG_WARN_ENUM_CONVERSION = YES;
				CLANG_WARN_INFINITE_RECURSION = YES;
				CLANG_WARN_INT_CONVERSION = YES;
				CLANG_WARN_NON_LITERAL_NULL_CONVERSION = YES;
				CLANG_WARN_OBJC_LITERAL_CONVERSION = YES;
				CLANG_WARN_OBJC_ROOT_CLASS = YES_ERROR;
				CLANG_WARN_RANGE_LOOP_ANALYSIS = YES;
				CLANG_WARN_STRICT_PROTOTYPES = YES;
				CLANG_WARN_SUSPICIOUS_MOVE = YES;
				CLANG_WARN_UNGUARDED_AVAILABILITY = YES_AGGRESSIVE;
				CLANG_WARN_UNREACHABLE_CODE = YES;
				CLANG_WARN__DUPLICATE_METHOD_MATCH = YES;
				CODE_SIGN_IDENTITY = "iPhone Developer";
				COPY_PHASE_STRIP = NO;
				DEBUG_INFORMATION_FORMAT = "dwarf-with-dsym";
				ENABLE_NS_ASSERTIONS = NO;
				ENABLE_STRICT_OBJC_MSGSEND = YES;
				GCC_C_LANGUAGE_STANDARD = gnu11;
				GCC_NO_COMMON_BLOCKS = YES;
				GCC_WARN_64_TO_32_BIT_CONVERSION = YES;
				GCC_WARN_ABOUT_RETURN_TYPE = YES_ERROR;
				GCC_WARN_UNDECLARED_SELECTOR = YES;
				GCC_WARN_UNINITIALIZED_AUTOS = YES_AGGRESSIVE;
				GCC_WARN_UNUSED_FUNCTION = YES;
				GCC_WARN_UNUSED_VARIABLE = YES;
				IPHONEOS_DEPLOYMENT_TARGET = 11.0;
				MTL_ENABLE_DEBUG_INFO = NO;
				SDKROOT = iphoneos;
				SWIFT_OPTIMIZATION_LEVEL = "-Owholemodule";
				VALIDATE_PRODUCT = YES;
			};
			name = Release;
		};
		E38247451F82A6FB00D837B8 /* Debug */ = {
			isa = XCBuildConfiguration;
			buildSettings = {
				ASSETCATALOG_COMPILER_APPICON_NAME = AppIcon;
				CODE_SIGN_STYLE = Automatic;
				INFOPLIST_FILE = Bullseye/Info.plist;
				LD_RUNPATH_SEARCH_PATHS = "$(inherited) @executable_path/Frameworks";
				PRODUCT_BUNDLE_IDENTIFIER = my.Bullseye;
				PRODUCT_NAME = "$(TARGET_NAME)";
				SWIFT_VERSION = 4.0;
				TARGETED_DEVICE_FAMILY = "1,2";
			};
			name = Debug;
		};
		E38247461F82A6FB00D837B8 /* Release */ = {
			isa = XCBuildConfiguration;
			buildSettings = {
				ASSETCATALOG_COMPILER_APPICON_NAME = AppIcon;
				CODE_SIGN_STYLE = Automatic;
				INFOPLIST_FILE = Bullseye/Info.plist;
				LD_RUNPATH_SEARCH_PATHS = "$(inherited) @executable_path/Frameworks";
				PRODUCT_BUNDLE_IDENTIFIER = my.Bullseye;
				PRODUCT_NAME = "$(TARGET_NAME)";
				SWIFT_VERSION = 4.0;
				TARGETED_DEVICE_FAMILY = "1,2";
			};
			name = Release;
		};
		E38247481F82A6FB00D837B8 /* Debug */ = {
			isa = XCBuildConfiguration;
			buildSettings = {
				ALWAYS_EMBED_SWIFT_STANDARD_LIBRARIES = YES;
				BUNDLE_LOADER = "$(TEST_HOST)";
				CODE_SIGN_STYLE = Automatic;
				INFOPLIST_FILE = BullseyeTests/Info.plist;
				LD_RUNPATH_SEARCH_PATHS = "$(inherited) @executable_path/Frameworks @loader_path/Frameworks";
				PRODUCT_BUNDLE_IDENTIFIER = my.BullseyeTests;
				PRODUCT_NAME = "$(TARGET_NAME)";
				SWIFT_VERSION = 4.0;
				TARGETED_DEVICE_FAMILY = "1,2";
				TEST_HOST = "$(BUILT_PRODUCTS_DIR)/Bullseye.app/Bullseye";
			};
			name = Debug;
		};
		E38247491F82A6FB00D837B8 /* Release */ = {
			isa = XCBuildConfiguration;
			buildSettings = {
				ALWAYS_EMBED_SWIFT_STANDARD_LIBRARIES = YES;
				BUNDLE_LOADER = "$(TEST_HOST)";
				CODE_SIGN_STYLE = Automatic;
				INFOPLIST_FILE = BullseyeTests/Info.plist;
				LD_RUNPATH_SEARCH_PATHS = "$(inherited) @executable_path/Frameworks @loader_path/Frameworks";
				PRODUCT_BUNDLE_IDENTIFIER = my.BullseyeTests;
				PRODUCT_NAME = "$(TARGET_NAME)";
				SWIFT_VERSION = 4.0;
				TARGETED_DEVICE_FAMILY = "1,2";
				TEST_HOST = "$(BUILT_PRODUCTS_DIR)/Bullseye.app/Bullseye";
			};
			name = Release;
		};
		E382474B1F82A6FB00D837B8 /* Debug */ = {
			isa = XCBuildConfiguration;
			buildSettings = {
				ALWAYS_EMBED_SWIFT_STANDARD_LIBRARIES = YES;
				CODE_SIGN_STYLE = Automatic;
				INFOPLIST_FILE = BullseyeUITests/Info.plist;
				LD_RUNPATH_SEARCH_PATHS = "$(inherited) @executable_path/Frameworks @loader_path/Frameworks";
				PRODUCT_BUNDLE_IDENTIFIER = my.BullseyeUITests;
				PRODUCT_NAME = "$(TARGET_NAME)";
				SWIFT_VERSION = 4.0;
				TARGETED_DEVICE_FAMILY = "1,2";
				TEST_TARGET_NAME = Bullseye;
			};
			name = Debug;
		};
		E382474C1F82A6FB00D837B8 /* Release */ = {
			isa = XCBuildConfiguration;
			buildSettings = {
				ALWAYS_EMBED_SWIFT_STANDARD_LIBRARIES = YES;
				CODE_SIGN_STYLE = Automatic;
				INFOPLIST_FILE = BullseyeUITests/Info.plist;
				LD_RUNPATH_SEARCH_PATHS = "$(inherited) @executable_path/Frameworks @loader_path/Frameworks";
				PRODUCT_BUNDLE_IDENTIFIER = my.BullseyeUITests;
				PRODUCT_NAME = "$(TARGET_NAME)";
				SWIFT_VERSION = 4.0;
				TARGETED_DEVICE_FAMILY = "1,2";
				TEST_TARGET_NAME = Bullseye;
			};
			name = Release;
		};
/* End XCBuildConfiguration section */

/* Begin XCConfigurationList section */
		E38247171F82A6FB00D837B8 /* Build configuration list for PBXProject "Bullseye" */ = {
			isa = XCConfigurationList;
			buildConfigurations = (
				E38247421F82A6FB00D837B8 /* Debug */,
				E38247431F82A6FB00D837B8 /* Release */,
			);
			defaultConfigurationIsVisible = 0;
			defaultConfigurationName = Release;
		};
		E38247441F82A6FB00D837B8 /* Build configuration list for PBXNativeTarget "Bullseye" */ = {
			isa = XCConfigurationList;
			buildConfigurations = (
				E38247451F82A6FB00D837B8 /* Debug */,
				E38247461F82A6FB00D837B8 /* Release */,
			);
			defaultConfigurationIsVisible = 0;
			defaultConfigurationName = Release;
		};
		E38247471F82A6FB00D837B8 /* Build configuration list for PBXNativeTarget "BullseyeTests" */ = {
			isa = XCConfigurationList;
			buildConfigurations = (
				E38247481F82A6FB00D837B8 /* Debug */,
				E38247491F82A6FB00D837B8 /* Release */,
			);
			defaultConfigurationIsVisible = 0;
			defaultConfigurationName = Release;
		};
		E382474A1F82A6FB00D837B8 /* Build configuration list for PBXNativeTarget "BullseyeUITests" */ = {
			isa = XCConfigurationList;
			buildConfigurations = (
				E382474B1F82A6FB00D837B8 /* Debug */,
				E382474C1F82A6FB00D837B8 /* Release */,
			);
			defaultConfigurationIsVisible = 0;
			defaultConfigurationName = Release;
		};
/* End XCConfigurationList section */
	};
	rootObject = E38247141F82A6FB00D837B8 /* Project object */;
}
